// !$*UTF8*$!
{
	archiveVersion = 1;
	classes = {
	};
	objectVersion = 46;
	objects = {

/* Begin PBXBuildFile section */
		5A6A226D1BD293CC006E9FE7 /* WeatherData.m in Sources */ = {isa = PBXBuildFile; fileRef = 5A6A226C1BD293CC006E9FE7 /* WeatherData.m */; settings = {ASSET_TAGS = (); }; };
		5A6A22701BD29816006E9FE7 /* WeatherMainTableViewController.m in Sources */ = {isa = PBXBuildFile; fileRef = 5A6A226F1BD29816006E9FE7 /* WeatherMainTableViewController.m */; settings = {ASSET_TAGS = (); }; };
		5A6A22721BD2A08F006E9FE7 /* WeatherTableViewCell.xib in Resources */ = {isa = PBXBuildFile; fileRef = 5A6A22711BD2A08F006E9FE7 /* WeatherTableViewCell.xib */; settings = {ASSET_TAGS = (); }; };
		5A6A22751BD2A180006E9FE7 /* WeatherTableViewCell.m in Sources */ = {isa = PBXBuildFile; fileRef = 5A6A22741BD2A180006E9FE7 /* WeatherTableViewCell.m */; settings = {ASSET_TAGS = (); }; };
		5A6A22791BD2D0E6006E9FE7 /* WeatherDetailViewController.m in Sources */ = {isa = PBXBuildFile; fileRef = 5A6A22781BD2D0E6006E9FE7 /* WeatherDetailViewController.m */; settings = {ASSET_TAGS = (); }; };
		5AE959A41BD48A8A007136F4 /* LocationSettingsViewController.m in Sources */ = {isa = PBXBuildFile; fileRef = 5AE959A31BD48A8A007136F4 /* LocationSettingsViewController.m */; settings = {ASSET_TAGS = (); }; };
		6FC979E6FBC1853042E4E468 /* libPods.a in Frameworks */ = {isa = PBXBuildFile; fileRef = E323D86093ADD12C1AFD4CE0 /* libPods.a */; };
		8D6765A61BD289BC00B30411 /* main.m in Sources */ = {isa = PBXBuildFile; fileRef = 8D6765A51BD289BC00B30411 /* main.m */; };
		8D6765A91BD289BC00B30411 /* AppDelegate.m in Sources */ = {isa = PBXBuildFile; fileRef = 8D6765A81BD289BC00B30411 /* AppDelegate.m */; };
		8D6765AC1BD289BC00B30411 /* ViewController.m in Sources */ = {isa = PBXBuildFile; fileRef = 8D6765AB1BD289BC00B30411 /* ViewController.m */; };
		8D6765AF1BD289BC00B30411 /* Main.storyboard in Resources */ = {isa = PBXBuildFile; fileRef = 8D6765AD1BD289BC00B30411 /* Main.storyboard */; };
		8D6765B21BD289BC00B30411 /* unit_2_assessment.xcdatamodeld in Sources */ = {isa = PBXBuildFile; fileRef = 8D6765B01BD289BC00B30411 /* unit_2_assessment.xcdatamodeld */; };
		8D6765B41BD289BC00B30411 /* Assets.xcassets in Resources */ = {isa = PBXBuildFile; fileRef = 8D6765B31BD289BC00B30411 /* Assets.xcassets */; };
		8D6765B71BD289BC00B30411 /* LaunchScreen.storyboard in Resources */ = {isa = PBXBuildFile; fileRef = 8D6765B51BD289BC00B30411 /* LaunchScreen.storyboard */; };
/* End PBXBuildFile section */

/* Begin PBXFileReference section */
		55445E5F57652473A834B250 /* Pods.release.xcconfig */ = {isa = PBXFileReference; includeInIndex = 1; lastKnownFileType = text.xcconfig; name = Pods.release.xcconfig; path = "Pods/Target Support Files/Pods/Pods.release.xcconfig"; sourceTree = "<group>"; };
		5A6A226B1BD293CC006E9FE7 /* WeatherData.h */ = {isa = PBXFileReference; fileEncoding = 4; lastKnownFileType = sourcecode.c.h; path = WeatherData.h; sourceTree = "<group>"; };
		5A6A226C1BD293CC006E9FE7 /* WeatherData.m */ = {isa = PBXFileReference; fileEncoding = 4; lastKnownFileType = sourcecode.c.objc; path = WeatherData.m; sourceTree = "<group>"; };
		5A6A226E1BD29816006E9FE7 /* WeatherMainTableViewController.h */ = {isa = PBXFileReference; fileEncoding = 4; lastKnownFileType = sourcecode.c.h; path = WeatherMainTableViewController.h; sourceTree = "<group>"; };
		5A6A226F1BD29816006E9FE7 /* WeatherMainTableViewController.m */ = {isa = PBXFileReference; fileEncoding = 4; lastKnownFileType = sourcecode.c.objc; path = WeatherMainTableViewController.m; sourceTree = "<group>"; };
		5A6A22711BD2A08F006E9FE7 /* WeatherTableViewCell.xib */ = {isa = PBXFileReference; fileEncoding = 4; lastKnownFileType = file.xib; path = WeatherTableViewCell.xib; sourceTree = "<group>"; };
		5A6A22731BD2A180006E9FE7 /* WeatherTableViewCell.h */ = {isa = PBXFileReference; fileEncoding = 4; lastKnownFileType = sourcecode.c.h; path = WeatherTableViewCell.h; sourceTree = "<group>"; };
		5A6A22741BD2A180006E9FE7 /* WeatherTableViewCell.m */ = {isa = PBXFileReference; fileEncoding = 4; lastKnownFileType = sourcecode.c.objc; path = WeatherTableViewCell.m; sourceTree = "<group>"; };
		5A6A22771BD2D0E5006E9FE7 /* WeatherDetailViewController.h */ = {isa = PBXFileReference; fileEncoding = 4; lastKnownFileType = sourcecode.c.h; path = WeatherDetailViewController.h; sourceTree = "<group>"; };
		5A6A22781BD2D0E6006E9FE7 /* WeatherDetailViewController.m */ = {isa = PBXFileReference; fileEncoding = 4; lastKnownFileType = sourcecode.c.objc; path = WeatherDetailViewController.m; sourceTree = "<group>"; };
		5AE959A21BD48A8A007136F4 /* LocationSettingsViewController.h */ = {isa = PBXFileReference; fileEncoding = 4; lastKnownFileType = sourcecode.c.h; path = LocationSettingsViewController.h; sourceTree = "<group>"; };
		5AE959A31BD48A8A007136F4 /* LocationSettingsViewController.m */ = {isa = PBXFileReference; fileEncoding = 4; lastKnownFileType = sourcecode.c.objc; path = LocationSettingsViewController.m; sourceTree = "<group>"; };
		8D6765A11BD289BC00B30411 /* unit-2-assessment.app */ = {isa = PBXFileReference; explicitFileType = wrapper.application; includeInIndex = 0; path = "unit-2-assessment.app"; sourceTree = BUILT_PRODUCTS_DIR; };
		8D6765A51BD289BC00B30411 /* main.m */ = {isa = PBXFileReference; lastKnownFileType = sourcecode.c.objc; path = main.m; sourceTree = "<group>"; };
		8D6765A71BD289BC00B30411 /* AppDelegate.h */ = {isa = PBXFileReference; lastKnownFileType = sourcecode.c.h; path = AppDelegate.h; sourceTree = "<group>"; };
		8D6765A81BD289BC00B30411 /* AppDelegate.m */ = {isa = PBXFileReference; lastKnownFileType = sourcecode.c.objc; path = AppDelegate.m; sourceTree = "<group>"; };
		8D6765AA1BD289BC00B30411 /* ViewController.h */ = {isa = PBXFileReference; lastKnownFileType = sourcecode.c.h; path = ViewController.h; sourceTree = "<group>"; };
		8D6765AB1BD289BC00B30411 /* ViewController.m */ = {isa = PBXFileReference; lastKnownFileType = sourcecode.c.objc; path = ViewController.m; sourceTree = "<group>"; };
		8D6765AE1BD289BC00B30411 /* Base */ = {isa = PBXFileReference; lastKnownFileType = file.storyboard; name = Base; path = Base.lproj/Main.storyboard; sourceTree = "<group>"; };
		8D6765B11BD289BC00B30411 /* unit_2_assessment.xcdatamodel */ = {isa = PBXFileReference; lastKnownFileType = wrapper.xcdatamodel; path = unit_2_assessment.xcdatamodel; sourceTree = "<group>"; };
		8D6765B31BD289BC00B30411 /* Assets.xcassets */ = {isa = PBXFileReference; lastKnownFileType = folder.assetcatalog; path = Assets.xcassets; sourceTree = "<group>"; };
		8D6765B61BD289BC00B30411 /* Base */ = {isa = PBXFileReference; lastKnownFileType = file.storyboard; name = Base; path = Base.lproj/LaunchScreen.storyboard; sourceTree = "<group>"; };
		8D6765B81BD289BC00B30411 /* Info.plist */ = {isa = PBXFileReference; lastKnownFileType = text.plist.xml; path = Info.plist; sourceTree = "<group>"; };
		AB12BCD94C5B3F0D24D32493 /* Pods.debug.xcconfig */ = {isa = PBXFileReference; includeInIndex = 1; lastKnownFileType = text.xcconfig; name = Pods.debug.xcconfig; path = "Pods/Target Support Files/Pods/Pods.debug.xcconfig"; sourceTree = "<group>"; };
		E323D86093ADD12C1AFD4CE0 /* libPods.a */ = {isa = PBXFileReference; explicitFileType = archive.ar; includeInIndex = 0; path = libPods.a; sourceTree = BUILT_PRODUCTS_DIR; };
/* End PBXFileReference section */

/* Begin PBXFrameworksBuildPhase section */
		8D67659E1BD289BC00B30411 /* Frameworks */ = {
			isa = PBXFrameworksBuildPhase;
			buildActionMask = 2147483647;
			files = (
				6FC979E6FBC1853042E4E468 /* libPods.a in Frameworks */,
			);
			runOnlyForDeploymentPostprocessing = 0;
		};
/* End PBXFrameworksBuildPhase section */

/* Begin PBXGroup section */
		5A6A22761BD2A19B006E9FE7 /* Custom Xib & Classes */ = {
			isa = PBXGroup;
			children = (
				5A6A22711BD2A08F006E9FE7 /* WeatherTableViewCell.xib */,
				5A6A22731BD2A180006E9FE7 /* WeatherTableViewCell.h */,
				5A6A22741BD2A180006E9FE7 /* WeatherTableViewCell.m */,
			);
			name = "Custom Xib & Classes";
			sourceTree = "<group>";
		};
		8D6765981BD289BC00B30411 = {
			isa = PBXGroup;
			children = (
				8D6765A31BD289BC00B30411 /* unit-2-assessment */,
				8D6765A21BD289BC00B30411 /* Products */,
				A82640C23EEAB2BD953EA48A /* Pods */,
				CAAF8EFDC902D2B35276EC16 /* Frameworks */,
			);
			sourceTree = "<group>";
		};
		8D6765A21BD289BC00B30411 /* Products */ = {
			isa = PBXGroup;
			children = (
				8D6765A11BD289BC00B30411 /* unit-2-assessment.app */,
			);
			name = Products;
			sourceTree = "<group>";
		};
		8D6765A31BD289BC00B30411 /* unit-2-assessment */ = {
			isa = PBXGroup;
			children = (
				8D6765A71BD289BC00B30411 /* AppDelegate.h */,
				8D6765A81BD289BC00B30411 /* AppDelegate.m */,
				8D6765AA1BD289BC00B30411 /* ViewController.h */,
				8D6765AB1BD289BC00B30411 /* ViewController.m */,
				5A6A226E1BD29816006E9FE7 /* WeatherMainTableViewController.h */,
				5A6A226F1BD29816006E9FE7 /* WeatherMainTableViewController.m */,
				5A6A22771BD2D0E5006E9FE7 /* WeatherDetailViewController.h */,
				5A6A22781BD2D0E6006E9FE7 /* WeatherDetailViewController.m */,
				5A6A226B1BD293CC006E9FE7 /* WeatherData.h */,
				5A6A226C1BD293CC006E9FE7 /* WeatherData.m */,
				5AE959A21BD48A8A007136F4 /* LocationSettingsViewController.h */,
				5AE959A31BD48A8A007136F4 /* LocationSettingsViewController.m */,
				8D6765AD1BD289BC00B30411 /* Main.storyboard */,
				5A6A22761BD2A19B006E9FE7 /* Custom Xib & Classes */,
				8D6765B31BD289BC00B30411 /* Assets.xcassets */,
				8D6765B51BD289BC00B30411 /* LaunchScreen.storyboard */,
				8D6765B81BD289BC00B30411 /* Info.plist */,
				8D6765B01BD289BC00B30411 /* unit_2_assessment.xcdatamodeld */,
				8D6765A41BD289BC00B30411 /* Supporting Files */,
			);
			path = "unit-2-assessment";
			sourceTree = "<group>";
		};
		8D6765A41BD289BC00B30411 /* Supporting Files */ = {
			isa = PBXGroup;
			children = (
				8D6765A51BD289BC00B30411 /* main.m */,
			);
			name = "Supporting Files";
			sourceTree = "<group>";
		};
		A82640C23EEAB2BD953EA48A /* Pods */ = {
			isa = PBXGroup;
			children = (
				AB12BCD94C5B3F0D24D32493 /* Pods.debug.xcconfig */,
				55445E5F57652473A834B250 /* Pods.release.xcconfig */,
			);
			name = Pods;
			sourceTree = "<group>";
		};
		CAAF8EFDC902D2B35276EC16 /* Frameworks */ = {
			isa = PBXGroup;
			children = (
				E323D86093ADD12C1AFD4CE0 /* libPods.a */,
			);
			name = Frameworks;
			sourceTree = "<group>";
		};
/* End PBXGroup section */

/* Begin PBXNativeTarget section */
		8D6765A01BD289BC00B30411 /* unit-2-assessment */ = {
			isa = PBXNativeTarget;
			buildConfigurationList = 8D6765BB1BD289BC00B30411 /* Build configuration list for PBXNativeTarget "unit-2-assessment" */;
			buildPhases = (
				23BC953F3744C27209592D50 /* Check Pods Manifest.lock */,
				8D67659D1BD289BC00B30411 /* Sources */,
				8D67659E1BD289BC00B30411 /* Frameworks */,
				8D67659F1BD289BC00B30411 /* Resources */,
				66D0A66A000712C1B7F5E23C /* Embed Pods Frameworks */,
				52953B13EA359E7AA823187E /* Copy Pods Resources */,
			);
			buildRules = (
			);
			dependencies = (
			);
			name = "unit-2-assessment";
			productName = "unit-2-assessment";
			productReference = 8D6765A11BD289BC00B30411 /* unit-2-assessment.app */;
			productType = "com.apple.product-type.application";
		};
/* End PBXNativeTarget section */

/* Begin PBXProject section */
		8D6765991BD289BC00B30411 /* Project object */ = {
			isa = PBXProject;
			attributes = {
				LastUpgradeCheck = 0700;
				ORGANIZATIONNAME = "Michael Kavouras";
				TargetAttributes = {
					8D6765A01BD289BC00B30411 = {
						CreatedOnToolsVersion = 7.0.1;
						DevelopmentTeam = Z6GBYPK592;
					};
				};
			};
			buildConfigurationList = 8D67659C1BD289BC00B30411 /* Build configuration list for PBXProject "unit-2-assessment" */;
			compatibilityVersion = "Xcode 3.2";
			developmentRegion = English;
			hasScannedForEncodings = 0;
			knownRegions = (
				en,
				Base,
			);
			mainGroup = 8D6765981BD289BC00B30411;
			productRefGroup = 8D6765A21BD289BC00B30411 /* Products */;
			projectDirPath = "";
			projectRoot = "";
			targets = (
				8D6765A01BD289BC00B30411 /* unit-2-assessment */,
			);
		};
/* End PBXProject section */

/* Begin PBXResourcesBuildPhase section */
		8D67659F1BD289BC00B30411 /* Resources */ = {
			isa = PBXResourcesBuildPhase;
			buildActionMask = 2147483647;
			files = (
				5A6A22721BD2A08F006E9FE7 /* WeatherTableViewCell.xib in Resources */,
				8D6765B71BD289BC00B30411 /* LaunchScreen.storyboard in Resources */,
				8D6765B41BD289BC00B30411 /* Assets.xcassets in Resources */,
				8D6765AF1BD289BC00B30411 /* Main.storyboard in Resources */,
			);
			runOnlyForDeploymentPostprocessing = 0;
		};
/* End PBXResourcesBuildPhase section */

/* Begin PBXShellScriptBuildPhase section */
		23BC953F3744C27209592D50 /* Check Pods Manifest.lock */ = {
			isa = PBXShellScriptBuildPhase;
			buildActionMask = 2147483647;
			files = (
			);
			inputPaths = (
			);
			name = "Check Pods Manifest.lock";
			outputPaths = (
			);
			runOnlyForDeploymentPostprocessing = 0;
			shellPath = /bin/sh;
			shellScript = "diff \"${PODS_ROOT}/../Podfile.lock\" \"${PODS_ROOT}/Manifest.lock\" > /dev/null\nif [[ $? != 0 ]] ; then\n    cat << EOM\nerror: The sandbox is not in sync with the Podfile.lock. Run 'pod install' or update your CocoaPods installation.\nEOM\n    exit 1\nfi\n";
			showEnvVarsInLog = 0;
		};
		52953B13EA359E7AA823187E /* Copy Pods Resources */ = {
			isa = PBXShellScriptBuildPhase;
			buildActionMask = 2147483647;
			files = (
			);
			inputPaths = (
			);
			name = "Copy Pods Resources";
			outputPaths = (
			);
			runOnlyForDeploymentPostprocessing = 0;
			shellPath = /bin/sh;
			shellScript = "\"${SRCROOT}/Pods/Target Support Files/Pods/Pods-resources.sh\"\n";
			showEnvVarsInLog = 0;
		};
		66D0A66A000712C1B7F5E23C /* Embed Pods Frameworks */ = {
			isa = PBXShellScriptBuildPhase;
			buildActionMask = 2147483647;
			files = (
			);
			inputPaths = (
			);
			name = "Embed Pods Frameworks";
			outputPaths = (
			);
			runOnlyForDeploymentPostprocessing = 0;
			shellPath = /bin/sh;
			shellScript = "\"${SRCROOT}/Pods/Target Support Files/Pods/Pods-frameworks.sh\"\n";
			showEnvVarsInLog = 0;
		};
/* End PBXShellScriptBuildPhase section */

/* Begin PBXSourcesBuildPhase section */
		8D67659D1BD289BC00B30411 /* Sources */ = {
			isa = PBXSourcesBuildPhase;
			buildActionMask = 2147483647;
			files = (
				5A6A226D1BD293CC006E9FE7 /* WeatherData.m in Sources */,
				5A6A22751BD2A180006E9FE7 /* WeatherTableViewCell.m in Sources */,
				5A6A22791BD2D0E6006E9FE7 /* WeatherDetailViewController.m in Sources */,
				8D6765B21BD289BC00B30411 /* unit_2_assessment.xcdatamodeld in Sources */,
				5AE959A41BD48A8A007136F4 /* LocationSettingsViewController.m in Sources */,
				8D6765AC1BD289BC00B30411 /* ViewController.m in Sources */,
				8D6765A91BD289BC00B30411 /* AppDelegate.m in Sources */,
				5A6A22701BD29816006E9FE7 /* WeatherMainTableViewController.m in Sources */,
				8D6765A61BD289BC00B30411 /* main.m in Sources */,
			);
			runOnlyForDeploymentPostprocessing = 0;
		};
/* End PBXSourcesBuildPhase section */

/* Begin PBXVariantGroup section */
		8D6765AD1BD289BC00B30411 /* Main.storyboard */ = {
			isa = PBXVariantGroup;
			children = (
				8D6765AE1BD289BC00B30411 /* Base */,
			);
			name = Main.storyboard;
			sourceTree = "<group>";
		};
		8D6765B51BD289BC00B30411 /* LaunchScreen.storyboard */ = {
			isa = PBXVariantGroup;
			children = (
				8D6765B61BD289BC00B30411 /* Base */,
			);
			name = LaunchScreen.storyboard;
			sourceTree = "<group>";
		};
/* End PBXVariantGroup section */

/* Begin XCBuildConfiguration section */
		8D6765B91BD289BC00B30411 /* Debug */ = {
			isa = XCBuildConfiguration;
			buildSettings = {
				ALWAYS_SEARCH_USER_PATHS = NO;
				CLANG_CXX_LANGUAGE_STANDARD = "gnu++0x";
				CLANG_CXX_LIBRARY = "libc++";
				CLANG_ENABLE_MODULES = YES;
				CLANG_ENABLE_OBJC_ARC = YES;
				CLANG_WARN_BOOL_CONVERSION = YES;
				CLANG_WARN_CONSTANT_CONVERSION = YES;
				CLANG_WARN_DIRECT_OBJC_ISA_USAGE = YES_ERROR;
				CLANG_WARN_EMPTY_BODY = YES;
				CLANG_WARN_ENUM_CONVERSION = YES;
				CLANG_WARN_INT_CONVERSION = YES;
				CLANG_WARN_OBJC_ROOT_CLASS = YES_ERROR;
				CLANG_WARN_UNREACHABLE_CODE = YES;
				CLANG_WARN__DUPLICATE_METHOD_MATCH = YES;
				"CODE_SIGN_IDENTITY[sdk=iphoneos*]" = "iPhone Developer";
				COPY_PHASE_STRIP = NO;
				DEBUG_INFORMATION_FORMAT = dwarf;
				ENABLE_STRICT_OBJC_MSGSEND = YES;
				ENABLE_TESTABILITY = YES;
				GCC_C_LANGUAGE_STANDARD = gnu99;
				GCC_DYNAMIC_NO_PIC = NO;
				GCC_NO_COMMON_BLOCKS = YES;
				GCC_OPTIMIZATION_LEVEL = 0;
				GCC_PREPROCESSOR_DEFINITIONS = (
					"DEBUG=1",
					"$(inherited)",
				);
				GCC_WARN_64_TO_32_BIT_CONVERSION = YES;
				GCC_WARN_ABOUT_RETURN_TYPE = YES_ERROR;
				GCC_WARN_UNDECLARED_SELECTOR = YES;
				GCC_WARN_UNINITIALIZED_AUTOS = YES_AGGRESSIVE;
				GCC_WARN_UNUSED_FUNCTION = YES;
				GCC_WARN_UNUSED_VARIABLE = YES;
				IPHONEOS_DEPLOYMENT_TARGET = 9.0;
				MTL_ENABLE_DEBUG_INFO = YES;
				ONLY_ACTIVE_ARCH = YES;
				SDKROOT = iphoneos;
			};
			name = Debug;
		};
		8D6765BA1BD289BC00B30411 /* Release */ = {
			isa = XCBuildConfiguration;
			buildSettings = {
				ALWAYS_SEARCH_USER_PATHS = NO;
				CLANG_CXX_LANGUAGE_STANDARD = "gnu++0x";
				CLANG_CXX_LIBRARY = "libc++";
				CLANG_ENABLE_MODULES = YES;
				CLANG_ENABLE_OBJC_ARC = YES;
				CLANG_WARN_BOOL_CONVERSION = YES;
				CLANG_WARN_CONSTANT_CONVERSION = YES;
				CLANG_WARN_DIRECT_OBJC_ISA_USAGE = YES_ERROR;
				CLANG_WARN_EMPTY_BODY = YES;
				CLANG_WARN_ENUM_CONVERSION = YES;
				CLANG_WARN_INT_CONVERSION = YES;
				CLANG_WARN_OBJC_ROOT_CLASS = YES_ERROR;
				CLANG_WARN_UNREACHABLE_CODE = YES;
				CLANG_WARN__DUPLICATE_METHOD_MATCH = YES;
				"CODE_SIGN_IDENTITY[sdk=iphoneos*]" = "iPhone Developer";
				COPY_PHASE_STRIP = NO;
				DEBUG_INFORMATION_FORMAT = "dwarf-with-dsym";
				ENABLE_NS_ASSERTIONS = NO;
				ENABLE_STRICT_OBJC_MSGSEND = YES;
				GCC_C_LANGUAGE_STANDARD = gnu99;
				GCC_NO_COMMON_BLOCKS = YES;
				GCC_WARN_64_TO_32_BIT_CONVERSION = YES;
				GCC_WARN_ABOUT_RETURN_TYPE = YES_ERROR;
				GCC_WARN_UNDECLARED_SELECTOR = YES;
				GCC_WARN_UNINITIALIZED_AUTOS = YES_AGGRESSIVE;
				GCC_WARN_UNUSED_FUNCTION = YES;
				GCC_WARN_UNUSED_VARIABLE = YES;
				IPHONEOS_DEPLOYMENT_TARGET = 9.0;
				MTL_ENABLE_DEBUG_INFO = NO;
				SDKROOT = iphoneos;
				VALIDATE_PRODUCT = YES;
			};
			name = Release;
		};
		8D6765BC1BD289BC00B30411 /* Debug */ = {
			isa = XCBuildConfiguration;
			baseConfigurationReference = AB12BCD94C5B3F0D24D32493 /* Pods.debug.xcconfig */;
			buildSettings = {
				ASSETCATALOG_COMPILER_APPICON_NAME = AppIcon;
				CODE_SIGN_IDENTITY = "iPhone Developer";
				"CODE_SIGN_IDENTITY[sdk=iphoneos*]" = "iPhone Developer";
				INFOPLIST_FILE = "unit-2-assessment/Info.plist";
				LD_RUNPATH_SEARCH_PATHS = "$(inherited) @executable_path/Frameworks";
				PRODUCT_BUNDLE_IDENTIFIER = "com.brianblanco.unit-2-assessment";
				PRODUCT_NAME = "$(TARGET_NAME)";
				PROVISIONING_PROFILE = "";
			};
			name = Debug;
		};
		8D6765BD1BD289BC00B30411 /* Release */ = {
			isa = XCBuildConfiguration;
			baseConfigurationReference = 55445E5F57652473A834B250 /* Pods.release.xcconfig */;
			buildSettings = {
				ASSETCATALOG_COMPILER_APPICON_NAME = AppIcon;
				CODE_SIGN_IDENTITY = "iPhone Developer";
				"CODE_SIGN_IDENTITY[sdk=iphoneos*]" = "iPhone Developer";
				INFOPLIST_FILE = "unit-2-assessment/Info.plist";
				LD_RUNPATH_SEARCH_PATHS = "$(inherited) @executable_path/Frameworks";
				PRODUCT_BUNDLE_IDENTIFIER = "com.brianblanco.unit-2-assessment";
				PRODUCT_NAME = "$(TARGET_NAME)";
				PROVISIONING_PROFILE = "";
			};
			name = Release;
		};
/* End XCBuildConfiguration section */

/* Begin XCConfigurationList section */
		8D67659C1BD289BC00B30411 /* Build configuration list for PBXProject "unit-2-assessment" */ = {
			isa = XCConfigurationList;
			buildConfigurations = (
				8D6765B91BD289BC00B30411 /* Debug */,
				8D6765BA1BD289BC00B30411 /* Release */,
			);
			defaultConfigurationIsVisible = 0;
			defaultConfigurationName = Release;
		};
		8D6765BB1BD289BC00B30411 /* Build configuration list for PBXNativeTarget "unit-2-assessment" */ = {
			isa = XCConfigurationList;
			buildConfigurations = (
				8D6765BC1BD289BC00B30411 /* Debug */,
				8D6765BD1BD289BC00B30411 /* Release */,
			);
			defaultConfigurationIsVisible = 0;
			defaultConfigurationName = Release;
		};
/* End XCConfigurationList section */

/* Begin XCVersionGroup section */
		8D6765B01BD289BC00B30411 /* unit_2_assessment.xcdatamodeld */ = {
			isa = XCVersionGroup;
			children = (
				8D6765B11BD289BC00B30411 /* unit_2_assessment.xcdatamodel */,
			);
			currentVersion = 8D6765B11BD289BC00B30411 /* unit_2_assessment.xcdatamodel */;
			path = unit_2_assessment.xcdatamodeld;
			sourceTree = "<group>";
			versionGroupType = wrapper.xcdatamodel;
		};
/* End XCVersionGroup section */
	};
	rootObject = 8D6765991BD289BC00B30411 /* Project object */;
}
